
Microsoft Visual Studio Solution File, Format Version 12.00
# Visual Studio Version 17
VisualStudioVersion = 17.9.34622.214
MinimumVisualStudioVersion = 10.0.40219.1
Project("{FAE04EC0-301F-11D3-BF4B-00C04F79EFBC}") = "ОпределениеВысокосногоГода", "ОпределениеВысокосногоГода\ОпределениеВысокосногоГода.csproj", "{823D0C8B-2A9B-49D4-8647-0F69DDAA033E}"
EndProject
Global
	GlobalSection(SolutionConfigurationPlatforms) = preSolution
		Debug|Any CPU = Debug|Any CPU
		Release|Any CPU = Release|Any CPU
	EndGlobalSection
	GlobalSection(ProjectConfigurationPlatforms) = postSolution
		{823D0C8B-2A9B-49D4-8647-0F69DDAA033E}.Debug|Any CPU.ActiveCfg = Debug|Any CPU
		{823D0C8B-2A9B-49D4-8647-0F69DDAA033E}.Debug|Any CPU.Build.0 = Debug|Any CPU
		{823D0C8B-2A9B-49D4-8647-0F69DDAA033E}.Release|Any CPU.ActiveCfg = Release|Any CPU
		{823D0C8B-2A9B-49D4-8647-0F69DDAA033E}.Release|Any CPU.Build.0 = Release|Any CPU
	EndGlobalSection
	GlobalSection(SolutionProperties) = preSolution
		HideSolutionNode = FALSE
	EndGlobalSection
	GlobalSection(ExtensibilityGlobals) = postSolution
		SolutionGuid = {37C07DE1-4B80-4F55-84DC-6E17982A2A47}
	EndGlobalSection
EndGlobal
